
Microsoft Visual Studio Solution File, Format Version 12.00
# Visual Studio Version 16
VisualStudioVersion = 16.0.30717.126
MinimumVisualStudioVersion = 10.0.40219.1
Project("{FAE04EC0-301F-11D3-BF4B-00C04F79EFBC}") = "TLWindowsEditorWPFDemo", "TLWindowsEditorWPFDemo.csproj", "{05DCA5F2-C656-406F-9458-DCBF129B4CDD}"
EndProject
Global
	GlobalSection(SolutionConfigurationPlatforms) = preSolution
		Debug|Any CPU = Debug|Any CPU
		Release|Any CPU = Release|Any CPU
	EndGlobalSection
	GlobalSection(ProjectConfigurationPlatforms) = postSolution
		{05DCA5F2-C656-406F-9458-DCBF129B4CDD}.Debug|Any CPU.ActiveCfg = Debug|Any CPU
		{05DCA5F2-C656-406F-9458-DCBF129B4CDD}.Debug|Any CPU.Build.0 = Debug|Any CPU
		{05DCA5F2-C656-406F-9458-DCBF129B4CDD}.Release|Any CPU.ActiveCfg = Release|Any CPU
		{05DCA5F2-C656-406F-9458-DCBF129B4CDD}.Release|Any CPU.Build.0 = Release|Any CPU
	EndGlobalSection
	GlobalSection(SolutionProperties) = preSolution
		HideSolutionNode = FALSE
	EndGlobalSection
	GlobalSection(ExtensibilityGlobals) = postSolution
		SolutionGuid = {B1862C9E-4FA3-4451-830C-3A6E5D85100F}
	EndGlobalSection
EndGlobal
