
Microsoft Visual Studio Solution File, Format Version 12.00
# Visual Studio Version 17
VisualStudioVersion = 17.14.36915.13 d17.14
MinimumVisualStudioVersion = 10.0.40219.1
Project("{FAE04EC0-301F-11D3-BF4B-00C04F79EFBC}") = "TLClientPrint.Plugin.CustomPrintDialog", "TLClientPrint.Plugin.CustomPrintDialog.csproj", "{19743BC3-F453-4A92-85C3-DA3CC2BED5FD}"
EndProject
Global
	GlobalSection(SolutionConfigurationPlatforms) = preSolution
		Debug|Any CPU = Debug|Any CPU
		Release|Any CPU = Release|Any CPU
	EndGlobalSection
	GlobalSection(ProjectConfigurationPlatforms) = postSolution
		{19743BC3-F453-4A92-85C3-DA3CC2BED5FD}.Debug|Any CPU.ActiveCfg = Debug|Any CPU
		{19743BC3-F453-4A92-85C3-DA3CC2BED5FD}.Debug|Any CPU.Build.0 = Debug|Any CPU
		{19743BC3-F453-4A92-85C3-DA3CC2BED5FD}.Release|Any CPU.ActiveCfg = Release|Any CPU
		{19743BC3-F453-4A92-85C3-DA3CC2BED5FD}.Release|Any CPU.Build.0 = Release|Any CPU
	EndGlobalSection
	GlobalSection(SolutionProperties) = preSolution
		HideSolutionNode = FALSE
	EndGlobalSection
	GlobalSection(ExtensibilityGlobals) = postSolution
		SolutionGuid = {C1F78985-C559-4D27-84C6-64FA61ABA393}
	EndGlobalSection
EndGlobal
