
Microsoft Visual Studio Solution File, Format Version 12.00
# Visual Studio Version 16
VisualStudioVersion = 16.0.30320.27
MinimumVisualStudioVersion = 10.0.40219.1
Project("{FAE04EC0-301F-11D3-BF4B-00C04F79EFBC}") = "TLSDKSamplesCS", "TLSDKSamplesCS.csproj", "{0B8A10AB-32B4-41FD-BAE1-7239AD439226}"
EndProject
Global
	GlobalSection(SolutionConfigurationPlatforms) = preSolution
		Debug|Any CPU = Debug|Any CPU
		Release|Any CPU = Release|Any CPU
	EndGlobalSection
	GlobalSection(ProjectConfigurationPlatforms) = postSolution
		{0B8A10AB-32B4-41FD-BAE1-7239AD439226}.Debug|Any CPU.ActiveCfg = Debug|Any CPU
		{0B8A10AB-32B4-41FD-BAE1-7239AD439226}.Debug|Any CPU.Build.0 = Debug|Any CPU
		{0B8A10AB-32B4-41FD-BAE1-7239AD439226}.Release|Any CPU.ActiveCfg = Release|Any CPU
		{0B8A10AB-32B4-41FD-BAE1-7239AD439226}.Release|Any CPU.Build.0 = Release|Any CPU
	EndGlobalSection
	GlobalSection(SolutionProperties) = preSolution
		HideSolutionNode = FALSE
	EndGlobalSection
	GlobalSection(ExtensibilityGlobals) = postSolution
		SolutionGuid = {656DF220-12A4-4857-A179-05E169C340B7}
	EndGlobalSection
EndGlobal
