
Microsoft Visual Studio Solution File, Format Version 12.00
# Visual Studio Version 16
VisualStudioVersion = 16.0.30320.27
MinimumVisualStudioVersion = 10.0.40219.1
Project("{FAE04EC0-301F-11D3-BF4B-00C04F79EFBC}") = "TLClientPrintASPNETCORERazor", "TLClientPrintASPNETCORERazor.csproj", "{13BC9E74-F4B4-4DC9-A2AC-DEEA1548E227}"
EndProject
Global
	GlobalSection(SolutionConfigurationPlatforms) = preSolution
		Debug|Any CPU = Debug|Any CPU
		Release|Any CPU = Release|Any CPU
	EndGlobalSection
	GlobalSection(ProjectConfigurationPlatforms) = postSolution
		{13BC9E74-F4B4-4DC9-A2AC-DEEA1548E227}.Debug|Any CPU.ActiveCfg = Debug|Any CPU
		{13BC9E74-F4B4-4DC9-A2AC-DEEA1548E227}.Debug|Any CPU.Build.0 = Debug|Any CPU
		{13BC9E74-F4B4-4DC9-A2AC-DEEA1548E227}.Release|Any CPU.ActiveCfg = Release|Any CPU
		{13BC9E74-F4B4-4DC9-A2AC-DEEA1548E227}.Release|Any CPU.Build.0 = Release|Any CPU
	EndGlobalSection
	GlobalSection(SolutionProperties) = preSolution
		HideSolutionNode = FALSE
	EndGlobalSection
	GlobalSection(ExtensibilityGlobals) = postSolution
		SolutionGuid = {494402E6-44D9-4BDD-8DC2-91097990A2B9}
	EndGlobalSection
EndGlobal
