
Microsoft Visual Studio Solution File, Format Version 12.00
# Visual Studio Version 16
VisualStudioVersion = 16.0.30320.27
MinimumVisualStudioVersion = 10.0.40219.1
Project("{9A19103F-16F7-4668-BE54-9A1E7A4F7556}") = "TLWindowsEditorWinFormsNetCoreDemo", "TLWindowsEditorWinFormsNetCoreDemo.csproj", "{64023BF2-421B-4D5F-9525-52FA35984899}"
EndProject
Global
	GlobalSection(SolutionConfigurationPlatforms) = preSolution
		Debug|Any CPU = Debug|Any CPU
		Release|Any CPU = Release|Any CPU
	EndGlobalSection
	GlobalSection(ProjectConfigurationPlatforms) = postSolution
		{64023BF2-421B-4D5F-9525-52FA35984899}.Debug|Any CPU.ActiveCfg = Debug|Any CPU
		{64023BF2-421B-4D5F-9525-52FA35984899}.Debug|Any CPU.Build.0 = Debug|Any CPU
		{64023BF2-421B-4D5F-9525-52FA35984899}.Release|Any CPU.ActiveCfg = Release|Any CPU
		{64023BF2-421B-4D5F-9525-52FA35984899}.Release|Any CPU.Build.0 = Release|Any CPU
	EndGlobalSection
	GlobalSection(SolutionProperties) = preSolution
		HideSolutionNode = FALSE
	EndGlobalSection
	GlobalSection(ExtensibilityGlobals) = postSolution
		SolutionGuid = {A0E9C8C1-859B-4B35-A1D3-04CC3CFA377A}
	EndGlobalSection
EndGlobal
