
Microsoft Visual Studio Solution File, Format Version 12.00
# Visual Studio Version 16
VisualStudioVersion = 16.0.30320.27
MinimumVisualStudioVersion = 10.0.40219.1
Project("{FAE04EC0-301F-11D3-BF4B-00C04F79EFBC}") = "TLSDKSamplesWPFCS", "TLSDKSamplesWPFCS.csproj", "{06D6FB6A-14E1-48A4-9886-3D96C0DFFB76}"
EndProject
Global
	GlobalSection(SolutionConfigurationPlatforms) = preSolution
		Debug|Any CPU = Debug|Any CPU
		Release|Any CPU = Release|Any CPU
	EndGlobalSection
	GlobalSection(ProjectConfigurationPlatforms) = postSolution
		{06D6FB6A-14E1-48A4-9886-3D96C0DFFB76}.Debug|Any CPU.ActiveCfg = Debug|Any CPU
		{06D6FB6A-14E1-48A4-9886-3D96C0DFFB76}.Debug|Any CPU.Build.0 = Debug|Any CPU
		{06D6FB6A-14E1-48A4-9886-3D96C0DFFB76}.Release|Any CPU.ActiveCfg = Release|Any CPU
		{06D6FB6A-14E1-48A4-9886-3D96C0DFFB76}.Release|Any CPU.Build.0 = Release|Any CPU
	EndGlobalSection
	GlobalSection(SolutionProperties) = preSolution
		HideSolutionNode = FALSE
	EndGlobalSection
	GlobalSection(ExtensibilityGlobals) = postSolution
		SolutionGuid = {CBC26E2C-4551-4371-90CB-F59A6E8C7228}
	EndGlobalSection
EndGlobal
